
Microsoft Visual Studio Solution File, Format Version 12.00
# Visual Studio Version 17
VisualStudioVersion = 17.0.31903.59
MinimumVisualStudioVersion = 10.0.40219.1
Project("{2150E333-8FDC-42A3-9474-1A3956D46DE8}") = "managed-cases", "managed-cases", "{34338C1F-825C-4C13-AAF2-4FC57DB155EE}"
EndProject
Project("{FAE04EC0-301F-11D3-BF4B-00C04F79EFBC}") = "HybridCLR.ManagedCases", "managed-cases\HybridCLR.ManagedCases\HybridCLR.ManagedCases.csproj", "{3F5CD085-CA39-4474-81DA-FEBAFF9A4D37}"
EndProject
Project("{2150E333-8FDC-42A3-9474-1A3956D46DE8}") = "runners", "runners", "{9D2479D4-C190-4A77-A268-6B6A223BB2E0}"
EndProject
Project("{FAE04EC0-301F-11D3-BF4B-00C04F79EFBC}") = "HybridCLR.ReferenceRunner", "runners\dotnet-reference\HybridCLR.ReferenceRunner.csproj", "{C9F8EF4B-E660-4974-B4A7-0E9BA443B2E0}"
EndProject
Global
	GlobalSection(SolutionConfigurationPlatforms) = preSolution
		Debug|Any CPU = Debug|Any CPU
		Release|Any CPU = Release|Any CPU
	EndGlobalSection
	GlobalSection(SolutionProperties) = preSolution
		HideSolutionNode = FALSE
	EndGlobalSection
	GlobalSection(ProjectConfigurationPlatforms) = postSolution
		{3F5CD085-CA39-4474-81DA-FEBAFF9A4D37}.Debug|Any CPU.ActiveCfg = Debug|Any CPU
		{3F5CD085-CA39-4474-81DA-FEBAFF9A4D37}.Debug|Any CPU.Build.0 = Debug|Any CPU
		{3F5CD085-CA39-4474-81DA-FEBAFF9A4D37}.Release|Any CPU.ActiveCfg = Release|Any CPU
		{3F5CD085-CA39-4474-81DA-FEBAFF9A4D37}.Release|Any CPU.Build.0 = Release|Any CPU
		{C9F8EF4B-E660-4974-B4A7-0E9BA443B2E0}.Debug|Any CPU.ActiveCfg = Debug|Any CPU
		{C9F8EF4B-E660-4974-B4A7-0E9BA443B2E0}.Debug|Any CPU.Build.0 = Debug|Any CPU
		{C9F8EF4B-E660-4974-B4A7-0E9BA443B2E0}.Release|Any CPU.ActiveCfg = Release|Any CPU
		{C9F8EF4B-E660-4974-B4A7-0E9BA443B2E0}.Release|Any CPU.Build.0 = Release|Any CPU
	EndGlobalSection
	GlobalSection(NestedProjects) = preSolution
		{3F5CD085-CA39-4474-81DA-FEBAFF9A4D37} = {34338C1F-825C-4C13-AAF2-4FC57DB155EE}
		{C9F8EF4B-E660-4974-B4A7-0E9BA443B2E0} = {9D2479D4-C190-4A77-A268-6B6A223BB2E0}
	EndGlobalSection
EndGlobal
